// !$*UTF8*$!
{
	archiveVersion = 1;
	classes = {
	};
	objectVersion = 55;
	objects = {

/* Begin PBXBuildFile section */
		C7F77A6028A26EE600C2F947 /* AppDelegate.swift in Sources */ = {isa = PBXBuildFile; fileRef = C7F77A5F28A26EE600C2F947 /* AppDelegate.swift */; };
		C7F77A6228A26EE600C2F947 /* SceneDelegate.swift in Sources */ = {isa = PBXBuildFile; fileRef = C7F77A6128A26EE600C2F947 /* SceneDelegate.swift */; };
		C7F77A6728A26EE600C2F947 /* Main.storyboard in Resources */ = {isa = PBXBuildFile; fileRef = C7F77A6528A26EE600C2F947 /* Main.storyboard */; };
		C7F77A6928A26EE700C2F947 /* Assets.xcassets in Resources */ = {isa = PBXBuildFile; fileRef = C7F77A6828A26EE700C2F947 /* Assets.xcassets */; };
		C7F77A6C28A26EE700C2F947 /* LaunchScreen.storyboard in Resources */ = {isa = PBXBuildFile; fileRef = C7F77A6A28A26EE700C2F947 /* LaunchScreen.storyboard */; };
		C7F77A7728A277F300C2F947 /* GalleryCollectionViewController.swift in Sources */ = {isa = PBXBuildFile; fileRef = C7F77A7628A277F300C2F947 /* GalleryCollectionViewController.swift */; };
		C7F77A7928A2780700C2F947 /* GalleryTableViewController.swift in Sources */ = {isa = PBXBuildFile; fileRef = C7F77A7828A2780700C2F947 /* GalleryTableViewController.swift */; };
		C7F77A7C28A279F800C2F947 /* ContentProtocol.swift in Sources */ = {isa = PBXBuildFile; fileRef = C7F77A7B28A279F800C2F947 /* ContentProtocol.swift */; };
		C7F77A7E28A27A1100C2F947 /* Content.swift in Sources */ = {isa = PBXBuildFile; fileRef = C7F77A7D28A27A1100C2F947 /* Content.swift */; };
		C7F77A8128A27B3000C2F947 /* TimelineContentObejct.swift in Sources */ = {isa = PBXBuildFile; fileRef = C7F77A8028A27B3000C2F947 /* TimelineContentObejct.swift */; };
		C7F77A8428A2835900C2F947 /* ContentCollectionViewCell.swift in Sources */ = {isa = PBXBuildFile; fileRef = C7F77A8228A2835900C2F947 /* ContentCollectionViewCell.swift */; };
		C7F77A8528A2835900C2F947 /* ContentCollectionViewCell.xib in Resources */ = {isa = PBXBuildFile; fileRef = C7F77A8328A2835900C2F947 /* ContentCollectionViewCell.xib */; };
		C7F77A8A28A2837C00C2F947 /* ContentTableViewCell.swift in Sources */ = {isa = PBXBuildFile; fileRef = C7F77A8828A2837C00C2F947 /* ContentTableViewCell.swift */; };
		C7F77A8B28A2837C00C2F947 /* ContentTableViewCell.xib in Resources */ = {isa = PBXBuildFile; fileRef = C7F77A8928A2837C00C2F947 /* ContentTableViewCell.xib */; };
/* End PBXBuildFile section */

/* Begin PBXFileReference section */
		C7F77A5C28A26EE600C2F947 /* ProtocolOrientedGallry.app */ = {isa = PBXFileReference; explicitFileType = wrapper.application; includeInIndex = 0; path = ProtocolOrientedGallry.app; sourceTree = BUILT_PRODUCTS_DIR; };
		C7F77A5F28A26EE600C2F947 /* AppDelegate.swift */ = {isa = PBXFileReference; lastKnownFileType = sourcecode.swift; path = AppDelegate.swift; sourceTree = "<group>"; };
		C7F77A6128A26EE600C2F947 /* SceneDelegate.swift */ = {isa = PBXFileReference; lastKnownFileType = sourcecode.swift; path = SceneDelegate.swift; sourceTree = "<group>"; };
		C7F77A6628A26EE600C2F947 /* Base */ = {isa = PBXFileReference; lastKnownFileType = file.storyboard; name = Base; path = Base.lproj/Main.storyboard; sourceTree = "<group>"; };
		C7F77A6828A26EE700C2F947 /* Assets.xcassets */ = {isa = PBXFileReference; lastKnownFileType = folder.assetcatalog; path = Assets.xcassets; sourceTree = "<group>"; };
		C7F77A6B28A26EE700C2F947 /* Base */ = {isa = PBXFileReference; lastKnownFileType = file.storyboard; name = Base; path = Base.lproj/LaunchScreen.storyboard; sourceTree = "<group>"; };
		C7F77A6D28A26EE700C2F947 /* Info.plist */ = {isa = PBXFileReference; lastKnownFileType = text.plist.xml; path = Info.plist; sourceTree = "<group>"; };
		C7F77A7628A277F300C2F947 /* GalleryCollectionViewController.swift */ = {isa = PBXFileReference; lastKnownFileType = sourcecode.swift; path = GalleryCollectionViewController.swift; sourceTree = "<group>"; };
		C7F77A7828A2780700C2F947 /* GalleryTableViewController.swift */ = {isa = PBXFileReference; lastKnownFileType = sourcecode.swift; path = GalleryTableViewController.swift; sourceTree = "<group>"; };
		C7F77A7B28A279F800C2F947 /* ContentProtocol.swift */ = {isa = PBXFileReference; lastKnownFileType = sourcecode.swift; path = ContentProtocol.swift; sourceTree = "<group>"; };
		C7F77A7D28A27A1100C2F947 /* Content.swift */ = {isa = PBXFileReference; lastKnownFileType = sourcecode.swift; path = Content.swift; sourceTree = "<group>"; };
		C7F77A8028A27B3000C2F947 /* TimelineContentObejct.swift */ = {isa = PBXFileReference; lastKnownFileType = sourcecode.swift; path = TimelineContentObejct.swift; sourceTree = "<group>"; };
		C7F77A8228A2835900C2F947 /* ContentCollectionViewCell.swift */ = {isa = PBXFileReference; lastKnownFileType = sourcecode.swift; path = ContentCollectionViewCell.swift; sourceTree = "<group>"; };
		C7F77A8328A2835900C2F947 /* ContentCollectionViewCell.xib */ = {isa = PBXFileReference; lastKnownFileType = file.xib; path = ContentCollectionViewCell.xib; sourceTree = "<group>"; };
		C7F77A8828A2837C00C2F947 /* ContentTableViewCell.swift */ = {isa = PBXFileReference; lastKnownFileType = sourcecode.swift; path = ContentTableViewCell.swift; sourceTree = "<group>"; };
		C7F77A8928A2837C00C2F947 /* ContentTableViewCell.xib */ = {isa = PBXFileReference; lastKnownFileType = file.xib; path = ContentTableViewCell.xib; sourceTree = "<group>"; };
/* End PBXFileReference section */

/* Begin PBXFrameworksBuildPhase section */
		C7F77A5928A26EE600C2F947 /* Frameworks */ = {
			isa = PBXFrameworksBuildPhase;
			buildActionMask = 2147483647;
			files = (
			);
			runOnlyForDeploymentPostprocessing = 0;
		};
/* End PBXFrameworksBuildPhase section */

/* Begin PBXGroup section */
		C7F77A5328A26EE600C2F947 = {
			isa = PBXGroup;
			children = (
				C7F77A5E28A26EE600C2F947 /* ProtocolOrientedGallry */,
				C7F77A5D28A26EE600C2F947 /* Products */,
			);
			sourceTree = "<group>";
		};
		C7F77A5D28A26EE600C2F947 /* Products */ = {
			isa = PBXGroup;
			children = (
				C7F77A5C28A26EE600C2F947 /* ProtocolOrientedGallry.app */,
			);
			name = Products;
			sourceTree = "<group>";
		};
		C7F77A5E28A26EE600C2F947 /* ProtocolOrientedGallry */ = {
			isa = PBXGroup;
			children = (
				C7F77A7F28A27B1700C2F947 /* Object */,
				C7F77A7A28A279E100C2F947 /* Protocol */,
				C7F77A7528A277D300C2F947 /* CollectionViewGallery */,
				C7F77A7428A277AF00C2F947 /* TableViewGallery */,
				C7F77A7328A2756000C2F947 /* Models */,
				C7F77A5F28A26EE600C2F947 /* AppDelegate.swift */,
				C7F77A6128A26EE600C2F947 /* SceneDelegate.swift */,
				C7F77A6528A26EE600C2F947 /* Main.storyboard */,
				C7F77A6828A26EE700C2F947 /* Assets.xcassets */,
				C7F77A6A28A26EE700C2F947 /* LaunchScreen.storyboard */,
				C7F77A6D28A26EE700C2F947 /* Info.plist */,
			);
			path = ProtocolOrientedGallry;
			sourceTree = "<group>";
		};
		C7F77A7328A2756000C2F947 /* Models */ = {
			isa = PBXGroup;
			children = (
				C7F77A7D28A27A1100C2F947 /* Content.swift */,
			);
			path = Models;
			sourceTree = "<group>";
		};
		C7F77A7428A277AF00C2F947 /* TableViewGallery */ = {
			isa = PBXGroup;
			children = (
				C7F77A8728A2836500C2F947 /* Cell */,
				C7F77A7828A2780700C2F947 /* GalleryTableViewController.swift */,
			);
			path = TableViewGallery;
			sourceTree = "<group>";
		};
		C7F77A7528A277D300C2F947 /* CollectionViewGallery */ = {
			isa = PBXGroup;
			children = (
				C7F77A8628A2835E00C2F947 /* Cell */,
				C7F77A7628A277F300C2F947 /* GalleryCollectionViewController.swift */,
			);
			path = CollectionViewGallery;
			sourceTree = "<group>";
		};
		C7F77A7A28A279E100C2F947 /* Protocol */ = {
			isa = PBXGroup;
			children = (
				C7F77A7B28A279F800C2F947 /* ContentProtocol.swift */,
			);
			path = Protocol;
			sourceTree = "<group>";
		};
		C7F77A7F28A27B1700C2F947 /* Object */ = {
			isa = PBXGroup;
			children = (
				C7F77A8028A27B3000C2F947 /* TimelineContentObejct.swift */,
			);
			path = Object;
			sourceTree = "<group>";
		};
		C7F77A8628A2835E00C2F947 /* Cell */ = {
			isa = PBXGroup;
			children = (
				C7F77A8228A2835900C2F947 /* ContentCollectionViewCell.swift */,
				C7F77A8328A2835900C2F947 /* ContentCollectionViewCell.xib */,
			);
			path = Cell;
			sourceTree = "<group>";
		};
		C7F77A8728A2836500C2F947 /* Cell */ = {
			isa = PBXGroup;
			children = (
				C7F77A8828A2837C00C2F947 /* ContentTableViewCell.swift */,
				C7F77A8928A2837C00C2F947 /* ContentTableViewCell.xib */,
			);
			path = Cell;
			sourceTree = "<group>";
		};
/* End PBXGroup section */

/* Begin PBXNativeTarget section */
		C7F77A5B28A26EE600C2F947 /* ProtocolOrientedGallry */ = {
			isa = PBXNativeTarget;
			buildConfigurationList = C7F77A7028A26EE700C2F947 /* Build configuration list for PBXNativeTarget "ProtocolOrientedGallry" */;
			buildPhases = (
				C7F77A5828A26EE600C2F947 /* Sources */,
				C7F77A5928A26EE600C2F947 /* Frameworks */,
				C7F77A5A28A26EE600C2F947 /* Resources */,
			);
			buildRules = (
			);
			dependencies = (
			);
			name = ProtocolOrientedGallry;
			productName = ProtocolOrientedGallry;
			productReference = C7F77A5C28A26EE600C2F947 /* ProtocolOrientedGallry.app */;
			productType = "com.apple.product-type.application";
		};
/* End PBXNativeTarget section */

/* Begin PBXProject section */
		C7F77A5428A26EE600C2F947 /* Project object */ = {
			isa = PBXProject;
			attributes = {
				BuildIndependentTargetsInParallel = 1;
				LastSwiftUpdateCheck = 1340;
				LastUpgradeCheck = 1340;
				TargetAttributes = {
					C7F77A5B28A26EE600C2F947 = {
						CreatedOnToolsVersion = 13.4.1;
					};
				};
			};
			buildConfigurationList = C7F77A5728A26EE600C2F947 /* Build configuration list for PBXProject "ProtocolOrientedGallry" */;
			compatibilityVersion = "Xcode 13.0";
			developmentRegion = en;
			hasScannedForEncodings = 0;
			knownRegions = (
				en,
				Base,
			);
			mainGroup = C7F77A5328A26EE600C2F947;
			productRefGroup = C7F77A5D28A26EE600C2F947 /* Products */;
			projectDirPath = "";
			projectRoot = "";
			targets = (
				C7F77A5B28A26EE600C2F947 /* ProtocolOrientedGallry */,
			);
		};
/* End PBXProject section */

/* Begin PBXResourcesBuildPhase section */
		C7F77A5A28A26EE600C2F947 /* Resources */ = {
			isa = PBXResourcesBuildPhase;
			buildActionMask = 2147483647;
			files = (
				C7F77A8528A2835900C2F947 /* ContentCollectionViewCell.xib in Resources */,
				C7F77A6C28A26EE700C2F947 /* LaunchScreen.storyboard in Resources */,
				C7F77A6928A26EE700C2F947 /* Assets.xcassets in Resources */,
				C7F77A6728A26EE600C2F947 /* Main.storyboard in Resources */,
				C7F77A8B28A2837C00C2F947 /* ContentTableViewCell.xib in Resources */,
			);
			runOnlyForDeploymentPostprocessing = 0;
		};
/* End PBXResourcesBuildPhase section */

/* Begin PBXSourcesBuildPhase section */
		C7F77A5828A26EE600C2F947 /* Sources */ = {
			isa = PBXSourcesBuildPhase;
			buildActionMask = 2147483647;
			files = (
				C7F77A7928A2780700C2F947 /* GalleryTableViewController.swift in Sources */,
				C7F77A6028A26EE600C2F947 /* AppDelegate.swift in Sources */,
				C7F77A8A28A2837C00C2F947 /* ContentTableViewCell.swift in Sources */,
				C7F77A7728A277F300C2F947 /* GalleryCollectionViewController.swift in Sources */,
				C7F77A8128A27B3000C2F947 /* TimelineContentObejct.swift in Sources */,
				C7F77A8428A2835900C2F947 /* ContentCollectionViewCell.swift in Sources */,
				C7F77A6228A26EE600C2F947 /* SceneDelegate.swift in Sources */,
				C7F77A7C28A279F800C2F947 /* ContentProtocol.swift in Sources */,
				C7F77A7E28A27A1100C2F947 /* Content.swift in Sources */,
			);
			runOnlyForDeploymentPostprocessing = 0;
		};
/* End PBXSourcesBuildPhase section */

/* Begin PBXVariantGroup section */
		C7F77A6528A26EE600C2F947 /* Main.storyboard */ = {
			isa = PBXVariantGroup;
			children = (
				C7F77A6628A26EE600C2F947 /* Base */,
			);
			name = Main.storyboard;
			sourceTree = "<group>";
		};
		C7F77A6A28A26EE700C2F947 /* LaunchScreen.storyboard */ = {
			isa = PBXVariantGroup;
			children = (
				C7F77A6B28A26EE700C2F947 /* Base */,
			);
			name = LaunchScreen.storyboard;
			sourceTree = "<group>";
		};
/* End PBXVariantGroup section */

/* Begin XCBuildConfiguration section */
		C7F77A6E28A26EE700C2F947 /* Debug */ = {
			isa = XCBuildConfiguration;
			buildSettings = {
				ALWAYS_SEARCH_USER_PATHS = NO;
				CLANG_ANALYZER_NONNULL = YES;
				CLANG_ANALYZER_NUMBER_OBJECT_CONVERSION = YES_AGGRESSIVE;
				CLANG_CXX_LANGUAGE_STANDARD = "gnu++17";
				CLANG_ENABLE_MODULES = YES;
				CLANG_ENABLE_OBJC_ARC = YES;
				CLANG_ENABLE_OBJC_WEAK = YES;
				CLANG_WARN_BLOCK_CAPTURE_AUTORELEASING = YES;
				CLANG_WARN_BOOL_CONVERSION = YES;
				CLANG_WARN_COMMA = YES;
				CLANG_WARN_CONSTANT_CONVERSION = YES;
				CLANG_WARN_DEPRECATED_OBJC_IMPLEMENTATIONS = YES;
				CLANG_WARN_DIRECT_OBJC_ISA_USAGE = YES_ERROR;
				CLANG_WARN_DOCUMENTATION_COMMENTS = YES;
				CLANG_WARN_EMPTY_BODY = YES;
				CLANG_WARN_ENUM_CONVERSION = YES;
				CLANG_WARN_INFINITE_RECURSION = YES;
				CLANG_WARN_INT_CONVERSION = YES;
				CLANG_WARN_NON_LITERAL_NULL_CONVERSION = YES;
				CLANG_WARN_OBJC_IMPLICIT_RETAIN_SELF = YES;
				CLANG_WARN_OBJC_LITERAL_CONVERSION = YES;
				CLANG_WARN_OBJC_ROOT_CLASS = YES_ERROR;
				CLANG_WARN_QUOTED_INCLUDE_IN_FRAMEWORK_HEADER = YES;
				CLANG_WARN_RANGE_LOOP_ANALYSIS = YES;
				CLANG_WARN_STRICT_PROTOTYPES = YES;
				CLANG_WARN_SUSPICIOUS_MOVE = YES;
				CLANG_WARN_UNGUARDED_AVAILABILITY = YES_AGGRESSIVE;
				CLANG_WARN_UNREACHABLE_CODE = YES;
				CLANG_WARN__DUPLICATE_METHOD_MATCH = YES;
				COPY_PHASE_STRIP = NO;
				DEBUG_INFORMATION_FORMAT = dwarf;
				ENABLE_STRICT_OBJC_MSGSEND = YES;
				ENABLE_TESTABILITY = YES;
				GCC_C_LANGUAGE_STANDARD = gnu11;
				GCC_DYNAMIC_NO_PIC = NO;
				GCC_NO_COMMON_BLOCKS = YES;
				GCC_OPTIMIZATION_LEVEL = 0;
				GCC_PREPROCESSOR_DEFINITIONS = (
					"DEBUG=1",
					"$(inherited)",
				);
				GCC_WARN_64_TO_32_BIT_CONVERSION = YES;
				GCC_WARN_ABOUT_RETURN_TYPE = YES_ERROR;
				GCC_WARN_UNDECLARED_SELECTOR = YES;
				GCC_WARN_UNINITIALIZED_AUTOS = YES_AGGRESSIVE;
				GCC_WARN_UNUSED_FUNCTION = YES;
				GCC_WARN_UNUSED_VARIABLE = YES;
				IPHONEOS_DEPLOYMENT_TARGET = 15.5;
				MTL_ENABLE_DEBUG_INFO = INCLUDE_SOURCE;
				MTL_FAST_MATH = YES;
				ONLY_ACTIVE_ARCH = YES;
				SDKROOT = iphoneos;
				SWIFT_ACTIVE_COMPILATION_CONDITIONS = DEBUG;
				SWIFT_OPTIMIZATION_LEVEL = "-Onone";
			};
			name = Debug;
		};
		C7F77A6F28A26EE700C2F947 /* Release */ = {
			isa = XCBuildConfiguration;
			buildSettings = {
				ALWAYS_SEARCH_USER_PATHS = NO;
				CLANG_ANALYZER_NONNULL = YES;
				CLANG_ANALYZER_NUMBER_OBJECT_CONVERSION = YES_AGGRESSIVE;
				CLANG_CXX_LANGUAGE_STANDARD = "gnu++17";
				CLANG_ENABLE_MODULES = YES;
				CLANG_ENABLE_OBJC_ARC = YES;
				CLANG_ENABLE_OBJC_WEAK = YES;
				CLANG_WARN_BLOCK_CAPTURE_AUTORELEASING = YES;
				CLANG_WARN_BOOL_CONVERSION = YES;
				CLANG_WARN_COMMA = YES;
				CLANG_WARN_CONSTANT_CONVERSION = YES;
				CLANG_WARN_DEPRECATED_OBJC_IMPLEMENTATIONS = YES;
				CLANG_WARN_DIRECT_OBJC_ISA_USAGE = YES_ERROR;
				CLANG_WARN_DOCUMENTATION_COMMENTS = YES;
				CLANG_WARN_EMPTY_BODY = YES;
				CLANG_WARN_ENUM_CONVERSION = YES;
				CLANG_WARN_INFINITE_RECURSION = YES;
				CLANG_WARN_INT_CONVERSION = YES;
				CLANG_WARN_NON_LITERAL_NULL_CONVERSION = YES;
				CLANG_WARN_OBJC_IMPLICIT_RETAIN_SELF = YES;
				CLANG_WARN_OBJC_LITERAL_CONVERSION = YES;
				CLANG_WARN_OBJC_ROOT_CLASS = YES_ERROR;
				CLANG_WARN_QUOTED_INCLUDE_IN_FRAMEWORK_HEADER = YES;
				CLANG_WARN_RANGE_LOOP_ANALYSIS = YES;
				CLANG_WARN_STRICT_PROTOTYPES = YES;
				CLANG_WARN_SUSPICIOUS_MOVE = YES;
				CLANG_WARN_UNGUARDED_AVAILABILITY = YES_AGGRESSIVE;
				CLANG_WARN_UNREACHABLE_CODE = YES;
				CLANG_WARN__DUPLICATE_METHOD_MATCH = YES;
				COPY_PHASE_STRIP = NO;
				DEBUG_INFORMATION_FORMAT = "dwarf-with-dsym";
				ENABLE_NS_ASSERTIONS = NO;
				ENABLE_STRICT_OBJC_MSGSEND = YES;
				GCC_C_LANGUAGE_STANDARD = gnu11;
				GCC_NO_COMMON_BLOCKS = YES;
				GCC_WARN_64_TO_32_BIT_CONVERSION = YES;
				GCC_WARN_ABOUT_RETURN_TYPE = YES_ERROR;
				GCC_WARN_UNDECLARED_SELECTOR = YES;
				GCC_WARN_UNINITIALIZED_AUTOS = YES_AGGRESSIVE;
				GCC_WARN_UNUSED_FUNCTION = YES;
				GCC_WARN_UNUSED_VARIABLE = YES;
				IPHONEOS_DEPLOYMENT_TARGET = 15.5;
				MTL_ENABLE_DEBUG_INFO = NO;
				MTL_FAST_MATH = YES;
				SDKROOT = iphoneos;
				SWIFT_COMPILATION_MODE = wholemodule;
				SWIFT_OPTIMIZATION_LEVEL = "-O";
				VALIDATE_PRODUCT = YES;
			};
			name = Release;
		};
		C7F77A7128A26EE700C2F947 /* Debug */ = {
			isa = XCBuildConfiguration;
			buildSettings = {
				ASSETCATALOG_COMPILER_APPICON_NAME = AppIcon;
				ASSETCATALOG_COMPILER_GLOBAL_ACCENT_COLOR_NAME = AccentColor;
				CODE_SIGN_STYLE = Automatic;
				CURRENT_PROJECT_VERSION = 1;
				DEVELOPMENT_TEAM = SBAHW5F54N;
				GENERATE_INFOPLIST_FILE = YES;
				INFOPLIST_FILE = ProtocolOrientedGallry/Info.plist;
				INFOPLIST_KEY_UIApplicationSupportsIndirectInputEvents = YES;
				INFOPLIST_KEY_UILaunchStoryboardName = LaunchScreen;
				INFOPLIST_KEY_UIMainStoryboardFile = Main;
				INFOPLIST_KEY_UISupportedInterfaceOrientations_iPad = "UIInterfaceOrientationPortrait UIInterfaceOrientationPortraitUpsideDown UIInterfaceOrientationLandscapeLeft UIInterfaceOrientationLandscapeRight";
				INFOPLIST_KEY_UISupportedInterfaceOrientations_iPhone = "UIInterfaceOrientationPortrait UIInterfaceOrientationLandscapeLeft UIInterfaceOrientationLandscapeRight";
				LD_RUNPATH_SEARCH_PATHS = (
					"$(inherited)",
					"@executable_path/Frameworks",
				);
				MARKETING_VERSION = 1.0;
				PRODUCT_BUNDLE_IDENTIFIER = com.kimjunhwan.ProtocolOrientedGallry;
				PRODUCT_NAME = "$(TARGET_NAME)";
				SWIFT_EMIT_LOC_STRINGS = YES;
				SWIFT_VERSION = 5.0;
				TARGETED_DEVICE_FAMILY = "1,2";
			};
			name = Debug;
		};
		C7F77A7228A26EE700C2F947 /* Release */ = {
			isa = XCBuildConfiguration;
			buildSettings = {
				ASSETCATALOG_COMPILER_APPICON_NAME = AppIcon;
				ASSETCATALOG_COMPILER_GLOBAL_ACCENT_COLOR_NAME = AccentColor;
				CODE_SIGN_STYLE = Automatic;
				CURRENT_PROJECT_VERSION = 1;
				DEVELOPMENT_TEAM = SBAHW5F54N;
				GENERATE_INFOPLIST_FILE = YES;
				INFOPLIST_FILE = ProtocolOrientedGallry/Info.plist;
				INFOPLIST_KEY_UIApplicationSupportsIndirectInputEvents = YES;
				INFOPLIST_KEY_UILaunchStoryboardName = LaunchScreen;
				INFOPLIST_KEY_UIMainStoryboardFile = Main;
				INFOPLIST_KEY_UISupportedInterfaceOrientations_iPad = "UIInterfaceOrientationPortrait UIInterfaceOrientationPortraitUpsideDown UIInterfaceOrientationLandscapeLeft UIInterfaceOrientationLandscapeRight";
				INFOPLIST_KEY_UISupportedInterfaceOrientations_iPhone = "UIInterfaceOrientationPortrait UIInterfaceOrientationLandscapeLeft UIInterfaceOrientationLandscapeRight";
				LD_RUNPATH_SEARCH_PATHS = (
					"$(inherited)",
					"@executable_path/Frameworks",
				);
				MARKETING_VERSION = 1.0;
				PRODUCT_BUNDLE_IDENTIFIER = com.kimjunhwan.ProtocolOrientedGallry;
				PRODUCT_NAME = "$(TARGET_NAME)";
				SWIFT_EMIT_LOC_STRINGS = YES;
				SWIFT_VERSION = 5.0;
				TARGETED_DEVICE_FAMILY = "1,2";
			};
			name = Release;
		};
/* End XCBuildConfiguration section */

/* Begin XCConfigurationList section */
		C7F77A5728A26EE600C2F947 /* Build configuration list for PBXProject "ProtocolOrientedGallry" */ = {
			isa = XCConfigurationList;
			buildConfigurations = (
				C7F77A6E28A26EE700C2F947 /* Debug */,
				C7F77A6F28A26EE700C2F947 /* Release */,
			);
			defaultConfigurationIsVisible = 0;
			defaultConfigurationName = Release;
		};
		C7F77A7028A26EE700C2F947 /* Build configuration list for PBXNativeTarget "ProtocolOrientedGallry" */ = {
			isa = XCConfigurationList;
			buildConfigurations = (
				C7F77A7128A26EE700C2F947 /* Debug */,
				C7F77A7228A26EE700C2F947 /* Release */,
			);
			defaultConfigurationIsVisible = 0;
			defaultConfigurationName = Release;
		};
/* End XCConfigurationList section */
	};
	rootObject = C7F77A5428A26EE600C2F947 /* Project object */;
}
